
Microsoft Visual Studio Solution File, Format Version 12.00
# Visual Studio Version 17
VisualStudioVersion = 17.3.32922.545
MinimumVisualStudioVersion = 10.0.40219.1
Project("{FAE04EC0-301F-11D3-BF4B-00C04F79EFBC}") = "alvarofilho", "alvarofilho.csproj", "{ADED5558-71AD-4F2D-A29A-F5F16187C2B2}"
EndProject
Global
	GlobalSection(SolutionConfigurationPlatforms) = preSolution
		Debug|Any CPU = Debug|Any CPU
		Release|Any CPU = Release|Any CPU
	EndGlobalSection
	GlobalSection(ProjectConfigurationPlatforms) = postSolution
		{ADED5558-71AD-4F2D-A29A-F5F16187C2B2}.Debug|Any CPU.ActiveCfg = Debug|Any CPU
		{ADED5558-71AD-4F2D-A29A-F5F16187C2B2}.Debug|Any CPU.Build.0 = Debug|Any CPU
		{ADED5558-71AD-4F2D-A29A-F5F16187C2B2}.Release|Any CPU.ActiveCfg = Release|Any CPU
		{ADED5558-71AD-4F2D-A29A-F5F16187C2B2}.Release|Any CPU.Build.0 = Release|Any CPU
	EndGlobalSection
	GlobalSection(SolutionProperties) = preSolution
		HideSolutionNode = FALSE
	EndGlobalSection
	GlobalSection(ExtensibilityGlobals) = postSolution
		SolutionGuid = {C2A8C3C3-E6B0-43A2-A87B-D55B7ED0946E}
	EndGlobalSection
EndGlobal
