
Microsoft Visual Studio Solution File, Format Version 12.00
# Visual Studio Version 17
VisualStudioVersion = 17.3.32922.545
MinimumVisualStudioVersion = 10.0.40219.1
Project("{FAE04EC0-301F-11D3-BF4B-00C04F79EFBC}") = "alvarofilho", "alvarofilho.csproj", "{C9130D58-6E19-451A-827F-485AE2766DA9}"
EndProject
Global
	GlobalSection(SolutionConfigurationPlatforms) = preSolution
		Debug|Any CPU = Debug|Any CPU
		Release|Any CPU = Release|Any CPU
	EndGlobalSection
	GlobalSection(ProjectConfigurationPlatforms) = postSolution
		{C9130D58-6E19-451A-827F-485AE2766DA9}.Debug|Any CPU.ActiveCfg = Debug|Any CPU
		{C9130D58-6E19-451A-827F-485AE2766DA9}.Debug|Any CPU.Build.0 = Debug|Any CPU
		{C9130D58-6E19-451A-827F-485AE2766DA9}.Release|Any CPU.ActiveCfg = Release|Any CPU
		{C9130D58-6E19-451A-827F-485AE2766DA9}.Release|Any CPU.Build.0 = Release|Any CPU
	EndGlobalSection
	GlobalSection(SolutionProperties) = preSolution
		HideSolutionNode = FALSE
	EndGlobalSection
	GlobalSection(ExtensibilityGlobals) = postSolution
		SolutionGuid = {E6A54F0F-1C10-4881-AD78-BE718EB27C77}
	EndGlobalSection
EndGlobal
