
Microsoft Visual Studio Solution File, Format Version 12.00
# Visual Studio Version 17
VisualStudioVersion = 17.0.31903.59
MinimumVisualStudioVersion = 10.0.40219.1
Project("{2150E333-8FDC-42A3-9474-1A3956D46DE8}") = ".paket", ".paket", "{A2113F73-2BA6-45F9-BB71-4A66E6439423}"
	ProjectSection(SolutionItems) = preProject
		paket.dependencies = paket.dependencies
	EndProjectSection
EndProject
Project("{F2A71F9B-5D33-465A-A702-920D77279786}") = "ProdutoSimples", "ProdutoSimples\ProdutoSimples.fsproj", "{D11577E0-003A-4680-A1D2-B3DAB2DB7D24}"
EndProject
Project("{F2A71F9B-5D33-465A-A702-920D77279786}") = "ProdutoSimples.Tests", "ProdutoSimples.Tests\ProdutoSimples.Tests.fsproj", "{6A92253A-20D2-4420-BEC4-22A461E38935}"
EndProject
Global
	GlobalSection(SolutionConfigurationPlatforms) = preSolution
		Debug|Any CPU = Debug|Any CPU
		Release|Any CPU = Release|Any CPU
	EndGlobalSection
	GlobalSection(SolutionProperties) = preSolution
		HideSolutionNode = FALSE
	EndGlobalSection
	GlobalSection(ProjectConfigurationPlatforms) = postSolution
		{D11577E0-003A-4680-A1D2-B3DAB2DB7D24}.Debug|Any CPU.ActiveCfg = Debug|Any CPU
		{D11577E0-003A-4680-A1D2-B3DAB2DB7D24}.Debug|Any CPU.Build.0 = Debug|Any CPU
		{D11577E0-003A-4680-A1D2-B3DAB2DB7D24}.Release|Any CPU.ActiveCfg = Release|Any CPU
		{D11577E0-003A-4680-A1D2-B3DAB2DB7D24}.Release|Any CPU.Build.0 = Release|Any CPU
		{6A92253A-20D2-4420-BEC4-22A461E38935}.Debug|Any CPU.ActiveCfg = Debug|Any CPU
		{6A92253A-20D2-4420-BEC4-22A461E38935}.Debug|Any CPU.Build.0 = Debug|Any CPU
		{6A92253A-20D2-4420-BEC4-22A461E38935}.Release|Any CPU.ActiveCfg = Release|Any CPU
		{6A92253A-20D2-4420-BEC4-22A461E38935}.Release|Any CPU.Build.0 = Release|Any CPU
	EndGlobalSection
EndGlobal
