
Microsoft Visual Studio Solution File, Format Version 12.00
# Visual Studio Version 17
VisualStudioVersion = 17.3.32901.215
MinimumVisualStudioVersion = 10.0.40219.1
Project("{FAE04EC0-301F-11D3-BF4B-00C04F79EFBC}") = "HelloWord", "HelloWord\HelloWord.csproj", "{3F62C3A1-1318-4E15-B598-76E5ECD02A64}"
EndProject
Global
	GlobalSection(SolutionConfigurationPlatforms) = preSolution
		Debug|Any CPU = Debug|Any CPU
		Release|Any CPU = Release|Any CPU
	EndGlobalSection
	GlobalSection(ProjectConfigurationPlatforms) = postSolution
		{3F62C3A1-1318-4E15-B598-76E5ECD02A64}.Debug|Any CPU.ActiveCfg = Debug|Any CPU
		{3F62C3A1-1318-4E15-B598-76E5ECD02A64}.Debug|Any CPU.Build.0 = Debug|Any CPU
		{3F62C3A1-1318-4E15-B598-76E5ECD02A64}.Release|Any CPU.ActiveCfg = Release|Any CPU
		{3F62C3A1-1318-4E15-B598-76E5ECD02A64}.Release|Any CPU.Build.0 = Release|Any CPU
	EndGlobalSection
	GlobalSection(SolutionProperties) = preSolution
		HideSolutionNode = FALSE
	EndGlobalSection
	GlobalSection(ExtensibilityGlobals) = postSolution
		SolutionGuid = {E8DE150B-0650-49AC-9C0B-31ADF9916899}
	EndGlobalSection
EndGlobal
