
Microsoft Visual Studio Solution File, Format Version 12.00
# Visual Studio Version 17
VisualStudioVersion = 17.3.32922.545
MinimumVisualStudioVersion = 10.0.40219.1
Project("{FAE04EC0-301F-11D3-BF4B-00C04F79EFBC}") = "alvarofilho", "alvarofilho.csproj", "{AD855088-3C72-49DE-86C5-18FE16FC8689}"
EndProject
Global
	GlobalSection(SolutionConfigurationPlatforms) = preSolution
		Debug|Any CPU = Debug|Any CPU
		Release|Any CPU = Release|Any CPU
	EndGlobalSection
	GlobalSection(ProjectConfigurationPlatforms) = postSolution
		{AD855088-3C72-49DE-86C5-18FE16FC8689}.Debug|Any CPU.ActiveCfg = Debug|Any CPU
		{AD855088-3C72-49DE-86C5-18FE16FC8689}.Debug|Any CPU.Build.0 = Debug|Any CPU
		{AD855088-3C72-49DE-86C5-18FE16FC8689}.Release|Any CPU.ActiveCfg = Release|Any CPU
		{AD855088-3C72-49DE-86C5-18FE16FC8689}.Release|Any CPU.Build.0 = Release|Any CPU
	EndGlobalSection
	GlobalSection(SolutionProperties) = preSolution
		HideSolutionNode = FALSE
	EndGlobalSection
	GlobalSection(ExtensibilityGlobals) = postSolution
		SolutionGuid = {88DB7410-A27F-4607-9659-CBB135CEA3AF}
	EndGlobalSection
EndGlobal
